
Microsoft Visual Studio Solution File, Format Version 12.00
# Visual Studio 15
VisualStudioVersion = 15.0.28307.1778
MinimumVisualStudioVersion = 10.0.40219.1
Project("{FAE04EC0-301F-11D3-BF4B-00C04F79EFBC}") = "BankProgram.BL", "BankProgram.BL\BankProgram.BL.csproj", "{6C192B3A-CA3D-41FD-8710-57BD746D38E5}"
EndProject
Project("{2150E333-8FDC-42A3-9474-1A3956D46DE8}") = "Tests", "Tests", "{9DE2F1C2-F314-4A50-A147-F745266D35F8}"
EndProject
Project("{FAE04EC0-301F-11D3-BF4B-00C04F79EFBC}") = "BankProgram.BLTest", "Tests\BankProgram.BLTest\BankProgram.BLTest.csproj", "{3FD7D093-23B5-475B-8004-9D610B9709E7}"
EndProject
Global
	GlobalSection(SolutionConfigurationPlatforms) = preSolution
		Debug|Any CPU = Debug|Any CPU
		Release|Any CPU = Release|Any CPU
	EndGlobalSection
	GlobalSection(ProjectConfigurationPlatforms) = postSolution
		{6C192B3A-CA3D-41FD-8710-57BD746D38E5}.Debug|Any CPU.ActiveCfg = Debug|Any CPU
		{6C192B3A-CA3D-41FD-8710-57BD746D38E5}.Debug|Any CPU.Build.0 = Debug|Any CPU
		{6C192B3A-CA3D-41FD-8710-57BD746D38E5}.Release|Any CPU.ActiveCfg = Release|Any CPU
		{6C192B3A-CA3D-41FD-8710-57BD746D38E5}.Release|Any CPU.Build.0 = Release|Any CPU
		{3FD7D093-23B5-475B-8004-9D610B9709E7}.Debug|Any CPU.ActiveCfg = Debug|Any CPU
		{3FD7D093-23B5-475B-8004-9D610B9709E7}.Debug|Any CPU.Build.0 = Debug|Any CPU
		{3FD7D093-23B5-475B-8004-9D610B9709E7}.Release|Any CPU.ActiveCfg = Release|Any CPU
		{3FD7D093-23B5-475B-8004-9D610B9709E7}.Release|Any CPU.Build.0 = Release|Any CPU
	EndGlobalSection
	GlobalSection(SolutionProperties) = preSolution
		HideSolutionNode = FALSE
	EndGlobalSection
	GlobalSection(NestedProjects) = preSolution
		{3FD7D093-23B5-475B-8004-9D610B9709E7} = {9DE2F1C2-F314-4A50-A147-F745266D35F8}
	EndGlobalSection
	GlobalSection(ExtensibilityGlobals) = postSolution
		SolutionGuid = {85F5BC10-E960-43B6-89B0-6CF1BF8B020C}
	EndGlobalSection
EndGlobal
